// !$*UTF8*$!
{
	archiveVersion = 1;
	classes = {
	};
	objectVersion = 56;
	objects = {

/* Begin PBXBuildFile section */
		8D0FB7BE2A8B19C40097A0D7 /* IconButton.swift in Sources */ = {isa = PBXBuildFile; fileRef = 8D0FB7BD2A8B19C40097A0D7 /* IconButton.swift */; };
		8D0FB7C02A8B1D090097A0D7 /* MoneyTrackerView.swift in Sources */ = {isa = PBXBuildFile; fileRef = 8D0FB7BF2A8B1D090097A0D7 /* MoneyTrackerView.swift */; };
		8D0FB7C22A8B22960097A0D7 /* Transaction.swift in Sources */ = {isa = PBXBuildFile; fileRef = 8D0FB7C12A8B22960097A0D7 /* Transaction.swift */; };
		8D6407E12A8C09E00061F13B /* FloatingActionButton.swift in Sources */ = {isa = PBXBuildFile; fileRef = 8D6407E02A8C09E00061F13B /* FloatingActionButton.swift */; };
		8D6407E32A8C0AEB0061F13B /* NewAmountView.swift in Sources */ = {isa = PBXBuildFile; fileRef = 8D6407E22A8C0AEB0061F13B /* NewAmountView.swift */; };
		8D6407E52A8C19CE0061F13B /* MainTabView.swift in Sources */ = {isa = PBXBuildFile; fileRef = 8D6407E42A8C19CE0061F13B /* MainTabView.swift */; };
		8D6407E72A8C19FE0061F13B /* CalendarView.swift in Sources */ = {isa = PBXBuildFile; fileRef = 8D6407E62A8C19FE0061F13B /* CalendarView.swift */; };
		8D6407E92A8C1A380061F13B /* SettingsView.swift in Sources */ = {isa = PBXBuildFile; fileRef = 8D6407E82A8C1A380061F13B /* SettingsView.swift */; };
		8D95E8D12A8866EB00FAFFF1 /* ToDosView.swift in Sources */ = {isa = PBXBuildFile; fileRef = 8D95E8D02A8866EB00FAFFF1 /* ToDosView.swift */; };
		8D95E8D32A8883BD00FAFFF1 /* NewReminderView.swift in Sources */ = {isa = PBXBuildFile; fileRef = 8D95E8D22A8883BD00FAFFF1 /* NewReminderView.swift */; };
		8D95E8D62A88863E00FAFFF1 /* LabelView.swift in Sources */ = {isa = PBXBuildFile; fileRef = 8D95E8D52A88863E00FAFFF1 /* LabelView.swift */; };
		8D95E8D82A88874B00FAFFF1 /* CustomTextField.swift in Sources */ = {isa = PBXBuildFile; fileRef = 8D95E8D72A88874B00FAFFF1 /* CustomTextField.swift */; };
		8D95E8DA2A88889000FAFFF1 /* PageTitleView.swift in Sources */ = {isa = PBXBuildFile; fileRef = 8D95E8D92A88889000FAFFF1 /* PageTitleView.swift */; };
		8D95E8DC2A888B0D00FAFFF1 /* ImageButton.swift in Sources */ = {isa = PBXBuildFile; fileRef = 8D95E8DB2A888B0D00FAFFF1 /* ImageButton.swift */; };
		8DF96D4D2A884689008188FF /* FINAL_ZhangzhiWangApp.swift in Sources */ = {isa = PBXBuildFile; fileRef = 8DF96D4C2A884689008188FF /* FINAL_ZhangzhiWangApp.swift */; };
		8DF96D512A88468B008188FF /* Assets.xcassets in Resources */ = {isa = PBXBuildFile; fileRef = 8DF96D502A88468B008188FF /* Assets.xcassets */; };
		8DF96D542A88468B008188FF /* Preview Assets.xcassets in Resources */ = {isa = PBXBuildFile; fileRef = 8DF96D532A88468B008188FF /* Preview Assets.xcassets */; };
		8DF96D5B2A8846D5008188FF /* LoginView.swift in Sources */ = {isa = PBXBuildFile; fileRef = 8DF96D5A2A8846D5008188FF /* LoginView.swift */; };
/* End PBXBuildFile section */

/* Begin PBXFileReference section */
		8D0FB7BD2A8B19C40097A0D7 /* IconButton.swift */ = {isa = PBXFileReference; lastKnownFileType = sourcecode.swift; path = IconButton.swift; sourceTree = "<group>"; };
		8D0FB7BF2A8B1D090097A0D7 /* MoneyTrackerView.swift */ = {isa = PBXFileReference; lastKnownFileType = sourcecode.swift; path = MoneyTrackerView.swift; sourceTree = "<group>"; };
		8D0FB7C12A8B22960097A0D7 /* Transaction.swift */ = {isa = PBXFileReference; lastKnownFileType = sourcecode.swift; path = Transaction.swift; sourceTree = "<group>"; };
		8D6407E02A8C09E00061F13B /* FloatingActionButton.swift */ = {isa = PBXFileReference; lastKnownFileType = sourcecode.swift; path = FloatingActionButton.swift; sourceTree = "<group>"; };
		8D6407E22A8C0AEB0061F13B /* NewAmountView.swift */ = {isa = PBXFileReference; lastKnownFileType = sourcecode.swift; path = NewAmountView.swift; sourceTree = "<group>"; };
		8D6407E42A8C19CE0061F13B /* MainTabView.swift */ = {isa = PBXFileReference; lastKnownFileType = sourcecode.swift; path = MainTabView.swift; sourceTree = "<group>"; };
		8D6407E62A8C19FE0061F13B /* CalendarView.swift */ = {isa = PBXFileReference; lastKnownFileType = sourcecode.swift; path = CalendarView.swift; sourceTree = "<group>"; };
		8D6407E82A8C1A380061F13B /* SettingsView.swift */ = {isa = PBXFileReference; lastKnownFileType = sourcecode.swift; path = SettingsView.swift; sourceTree = "<group>"; };
		8D95E8D02A8866EB00FAFFF1 /* ToDosView.swift */ = {isa = PBXFileReference; lastKnownFileType = sourcecode.swift; path = ToDosView.swift; sourceTree = "<group>"; };
		8D95E8D22A8883BD00FAFFF1 /* NewReminderView.swift */ = {isa = PBXFileReference; lastKnownFileType = sourcecode.swift; path = NewReminderView.swift; sourceTree = "<group>"; };
		8D95E8D52A88863E00FAFFF1 /* LabelView.swift */ = {isa = PBXFileReference; lastKnownFileType = sourcecode.swift; path = LabelView.swift; sourceTree = "<group>"; };
		8D95E8D72A88874B00FAFFF1 /* CustomTextField.swift */ = {isa = PBXFileReference; lastKnownFileType = sourcecode.swift; path = CustomTextField.swift; sourceTree = "<group>"; };
		8D95E8D92A88889000FAFFF1 /* PageTitleView.swift */ = {isa = PBXFileReference; lastKnownFileType = sourcecode.swift; path = PageTitleView.swift; sourceTree = "<group>"; };
		8D95E8DB2A888B0D00FAFFF1 /* ImageButton.swift */ = {isa = PBXFileReference; lastKnownFileType = sourcecode.swift; path = ImageButton.swift; sourceTree = "<group>"; };
		8DF96D492A884689008188FF /* FINAL_ZhangzhiWang.app */ = {isa = PBXFileReference; explicitFileType = wrapper.application; includeInIndex = 0; path = FINAL_ZhangzhiWang.app; sourceTree = BUILT_PRODUCTS_DIR; };
		8DF96D4C2A884689008188FF /* FINAL_ZhangzhiWangApp.swift */ = {isa = PBXFileReference; lastKnownFileType = sourcecode.swift; path = FINAL_ZhangzhiWangApp.swift; sourceTree = "<group>"; };
		8DF96D502A88468B008188FF /* Assets.xcassets */ = {isa = PBXFileReference; lastKnownFileType = folder.assetcatalog; path = Assets.xcassets; sourceTree = "<group>"; };
		8DF96D532A88468B008188FF /* Preview Assets.xcassets */ = {isa = PBXFileReference; lastKnownFileType = folder.assetcatalog; path = "Preview Assets.xcassets"; sourceTree = "<group>"; };
		8DF96D5A2A8846D5008188FF /* LoginView.swift */ = {isa = PBXFileReference; lastKnownFileType = sourcecode.swift; path = LoginView.swift; sourceTree = "<group>"; };
/* End PBXFileReference section */

/* Begin PBXFrameworksBuildPhase section */
		8DF96D462A884689008188FF /* Frameworks */ = {
			isa = PBXFrameworksBuildPhase;
			buildActionMask = 2147483647;
			files = (
			);
			runOnlyForDeploymentPostprocessing = 0;
		};
/* End PBXFrameworksBuildPhase section */

/* Begin PBXGroup section */
		8D95E8D42A88862600FAFFF1 /* Components */ = {
			isa = PBXGroup;
			children = (
				8D95E8D52A88863E00FAFFF1 /* LabelView.swift */,
				8D95E8D72A88874B00FAFFF1 /* CustomTextField.swift */,
				8D95E8D92A88889000FAFFF1 /* PageTitleView.swift */,
				8D95E8DB2A888B0D00FAFFF1 /* ImageButton.swift */,
				8D0FB7BD2A8B19C40097A0D7 /* IconButton.swift */,
				8D6407E02A8C09E00061F13B /* FloatingActionButton.swift */,
			);
			path = Components;
			sourceTree = "<group>";
		};
		8DF96D402A884689008188FF = {
			isa = PBXGroup;
			children = (
				8DF96D4B2A884689008188FF /* FINAL_ZhangzhiWang */,
				8DF96D4A2A884689008188FF /* Products */,
			);
			sourceTree = "<group>";
		};
		8DF96D4A2A884689008188FF /* Products */ = {
			isa = PBXGroup;
			children = (
				8DF96D492A884689008188FF /* FINAL_ZhangzhiWang.app */,
			);
			name = Products;
			sourceTree = "<group>";
		};
		8DF96D4B2A884689008188FF /* FINAL_ZhangzhiWang */ = {
			isa = PBXGroup;
			children = (
				8D95E8D42A88862600FAFFF1 /* Components */,
				8DF96D4C2A884689008188FF /* FINAL_ZhangzhiWangApp.swift */,
				8DF96D5A2A8846D5008188FF /* LoginView.swift */,
				8D6407E42A8C19CE0061F13B /* MainTabView.swift */,
				8D95E8D02A8866EB00FAFFF1 /* ToDosView.swift */,
				8D95E8D22A8883BD00FAFFF1 /* NewReminderView.swift */,
				8D0FB7BF2A8B1D090097A0D7 /* MoneyTrackerView.swift */,
				8D6407E22A8C0AEB0061F13B /* NewAmountView.swift */,
				8D6407E62A8C19FE0061F13B /* CalendarView.swift */,
				8D6407E82A8C1A380061F13B /* SettingsView.swift */,
				8D0FB7C12A8B22960097A0D7 /* Transaction.swift */,
				8DF96D502A88468B008188FF /* Assets.xcassets */,
				8DF96D522A88468B008188FF /* Preview Content */,
			);
			path = FINAL_ZhangzhiWang;
			sourceTree = "<group>";
		};
		8DF96D522A88468B008188FF /* Preview Content */ = {
			isa = PBXGroup;
			children = (
				8DF96D532A88468B008188FF /* Preview Assets.xcassets */,
			);
			path = "Preview Content";
			sourceTree = "<group>";
		};
/* End PBXGroup section */

/* Begin PBXNativeTarget section */
		8DF96D482A884689008188FF /* FINAL_ZhangzhiWang */ = {
			isa = PBXNativeTarget;
			buildConfigurationList = 8DF96D572A88468B008188FF /* Build configuration list for PBXNativeTarget "FINAL_ZhangzhiWang" */;
			buildPhases = (
				8DF96D452A884689008188FF /* Sources */,
				8DF96D462A884689008188FF /* Frameworks */,
				8DF96D472A884689008188FF /* Resources */,
			);
			buildRules = (
			);
			dependencies = (
			);
			name = FINAL_ZhangzhiWang;
			productName = FINAL_ZhangzhiWang;
			productReference = 8DF96D492A884689008188FF /* FINAL_ZhangzhiWang.app */;
			productType = "com.apple.product-type.application";
		};
/* End PBXNativeTarget section */

/* Begin PBXProject section */
		8DF96D412A884689008188FF /* Project object */ = {
			isa = PBXProject;
			attributes = {
				BuildIndependentTargetsInParallel = 1;
				LastSwiftUpdateCheck = 1430;
				LastUpgradeCheck = 1430;
				TargetAttributes = {
					8DF96D482A884689008188FF = {
						CreatedOnToolsVersion = 14.3.1;
					};
				};
			};
			buildConfigurationList = 8DF96D442A884689008188FF /* Build configuration list for PBXProject "FINAL_ZhangzhiWang" */;
			compatibilityVersion = "Xcode 14.0";
			developmentRegion = en;
			hasScannedForEncodings = 0;
			knownRegions = (
				en,
				Base,
			);
			mainGroup = 8DF96D402A884689008188FF;
			productRefGroup = 8DF96D4A2A884689008188FF /* Products */;
			projectDirPath = "";
			projectRoot = "";
			targets = (
				8DF96D482A884689008188FF /* FINAL_ZhangzhiWang */,
			);
		};
/* End PBXProject section */

/* Begin PBXResourcesBuildPhase section */
		8DF96D472A884689008188FF /* Resources */ = {
			isa = PBXResourcesBuildPhase;
			buildActionMask = 2147483647;
			files = (
				8DF96D542A88468B008188FF /* Preview Assets.xcassets in Resources */,
				8DF96D512A88468B008188FF /* Assets.xcassets in Resources */,
			);
			runOnlyForDeploymentPostprocessing = 0;
		};
/* End PBXResourcesBuildPhase section */

/* Begin PBXSourcesBuildPhase section */
		8DF96D452A884689008188FF /* Sources */ = {
			isa = PBXSourcesBuildPhase;
			buildActionMask = 2147483647;
			files = (
				8D0FB7C22A8B22960097A0D7 /* Transaction.swift in Sources */,
				8D0FB7BE2A8B19C40097A0D7 /* IconButton.swift in Sources */,
				8D95E8D12A8866EB00FAFFF1 /* ToDosView.swift in Sources */,
				8D95E8DA2A88889000FAFFF1 /* PageTitleView.swift in Sources */,
				8DF96D5B2A8846D5008188FF /* LoginView.swift in Sources */,
				8D6407E72A8C19FE0061F13B /* CalendarView.swift in Sources */,
				8D95E8DC2A888B0D00FAFFF1 /* ImageButton.swift in Sources */,
				8D95E8D82A88874B00FAFFF1 /* CustomTextField.swift in Sources */,
				8D6407E32A8C0AEB0061F13B /* NewAmountView.swift in Sources */,
				8D6407E92A8C1A380061F13B /* SettingsView.swift in Sources */,
				8D6407E12A8C09E00061F13B /* FloatingActionButton.swift in Sources */,
				8DF96D4D2A884689008188FF /* FINAL_ZhangzhiWangApp.swift in Sources */,
				8D95E8D32A8883BD00FAFFF1 /* NewReminderView.swift in Sources */,
				8D6407E52A8C19CE0061F13B /* MainTabView.swift in Sources */,
				8D0FB7C02A8B1D090097A0D7 /* MoneyTrackerView.swift in Sources */,
				8D95E8D62A88863E00FAFFF1 /* LabelView.swift in Sources */,
			);
			runOnlyForDeploymentPostprocessing = 0;
		};
/* End PBXSourcesBuildPhase section */

/* Begin XCBuildConfiguration section */
		8DF96D552A88468B008188FF /* Debug */ = {
			isa = XCBuildConfiguration;
			buildSettings = {
				ALWAYS_SEARCH_USER_PATHS = NO;
				CLANG_ANALYZER_NONNULL = YES;
				CLANG_ANALYZER_NUMBER_OBJECT_CONVERSION = YES_AGGRESSIVE;
				CLANG_CXX_LANGUAGE_STANDARD = "gnu++20";
				CLANG_ENABLE_MODULES = YES;
				CLANG_ENABLE_OBJC_ARC = YES;
				CLANG_ENABLE_OBJC_WEAK = YES;
				CLANG_WARN_BLOCK_CAPTURE_AUTORELEASING = YES;
				CLANG_WARN_BOOL_CONVERSION = YES;
				CLANG_WARN_COMMA = YES;
				CLANG_WARN_CONSTANT_CONVERSION = YES;
				CLANG_WARN_DEPRECATED_OBJC_IMPLEMENTATIONS = YES;
				CLANG_WARN_DIRECT_OBJC_ISA_USAGE = YES_ERROR;
				CLANG_WARN_DOCUMENTATION_COMMENTS = YES;
				CLANG_WARN_EMPTY_BODY = YES;
				CLANG_WARN_ENUM_CONVERSION = YES;
				CLANG_WARN_INFINITE_RECURSION = YES;
				CLANG_WARN_INT_CONVERSION = YES;
				CLANG_WARN_NON_LITERAL_NULL_CONVERSION = YES;
				CLANG_WARN_OBJC_IMPLICIT_RETAIN_SELF = YES;
				CLANG_WARN_OBJC_LITERAL_CONVERSION = YES;
				CLANG_WARN_OBJC_ROOT_CLASS = YES_ERROR;
				CLANG_WARN_QUOTED_INCLUDE_IN_FRAMEWORK_HEADER = YES;
				CLANG_WARN_RANGE_LOOP_ANALYSIS = YES;
				CLANG_WARN_STRICT_PROTOTYPES = YES;
				CLANG_WARN_SUSPICIOUS_MOVE = YES;
				CLANG_WARN_UNGUARDED_AVAILABILITY = YES_AGGRESSIVE;
				CLANG_WARN_UNREACHABLE_CODE = YES;
				CLANG_WARN__DUPLICATE_METHOD_MATCH = YES;
				COPY_PHASE_STRIP = NO;
				DEBUG_INFORMATION_FORMAT = dwarf;
				ENABLE_STRICT_OBJC_MSGSEND = YES;
				ENABLE_TESTABILITY = YES;
				GCC_C_LANGUAGE_STANDARD = gnu11;
				GCC_DYNAMIC_NO_PIC = NO;
				GCC_NO_COMMON_BLOCKS = YES;
				GCC_OPTIMIZATION_LEVEL = 0;
				GCC_PREPROCESSOR_DEFINITIONS = (
					"DEBUG=1",
					"$(inherited)",
				);
				GCC_WARN_64_TO_32_BIT_CONVERSION = YES;
				GCC_WARN_ABOUT_RETURN_TYPE = YES_ERROR;
				GCC_WARN_UNDECLARED_SELECTOR = YES;
				GCC_WARN_UNINITIALIZED_AUTOS = YES_AGGRESSIVE;
				GCC_WARN_UNUSED_FUNCTION = YES;
				GCC_WARN_UNUSED_VARIABLE = YES;
				IPHONEOS_DEPLOYMENT_TARGET = 16.4;
				MTL_ENABLE_DEBUG_INFO = INCLUDE_SOURCE;
				MTL_FAST_MATH = YES;
				ONLY_ACTIVE_ARCH = YES;
				SDKROOT = iphoneos;
				SWIFT_ACTIVE_COMPILATION_CONDITIONS = DEBUG;
				SWIFT_OPTIMIZATION_LEVEL = "-Onone";
			};
			name = Debug;
		};
		8DF96D562A88468B008188FF /* Release */ = {
			isa = XCBuildConfiguration;
			buildSettings = {
				ALWAYS_SEARCH_USER_PATHS = NO;
				CLANG_ANALYZER_NONNULL = YES;
				CLANG_ANALYZER_NUMBER_OBJECT_CONVERSION = YES_AGGRESSIVE;
				CLANG_CXX_LANGUAGE_STANDARD = "gnu++20";
				CLANG_ENABLE_MODULES = YES;
				CLANG_ENABLE_OBJC_ARC = YES;
				CLANG_ENABLE_OBJC_WEAK = YES;
				CLANG_WARN_BLOCK_CAPTURE_AUTORELEASING = YES;
				CLANG_WARN_BOOL_CONVERSION = YES;
				CLANG_WARN_COMMA = YES;
				CLANG_WARN_CONSTANT_CONVERSION = YES;
				CLANG_WARN_DEPRECATED_OBJC_IMPLEMENTATIONS = YES;
				CLANG_WARN_DIRECT_OBJC_ISA_USAGE = YES_ERROR;
				CLANG_WARN_DOCUMENTATION_COMMENTS = YES;
				CLANG_WARN_EMPTY_BODY = YES;
				CLANG_WARN_ENUM_CONVERSION = YES;
				CLANG_WARN_INFINITE_RECURSION = YES;
				CLANG_WARN_INT_CONVERSION = YES;
				CLANG_WARN_NON_LITERAL_NULL_CONVERSION = YES;
				CLANG_WARN_OBJC_IMPLICIT_RETAIN_SELF = YES;
				CLANG_WARN_OBJC_LITERAL_CONVERSION = YES;
				CLANG_WARN_OBJC_ROOT_CLASS = YES_ERROR;
				CLANG_WARN_QUOTED_INCLUDE_IN_FRAMEWORK_HEADER = YES;
				CLANG_WARN_RANGE_LOOP_ANALYSIS = YES;
				CLANG_WARN_STRICT_PROTOTYPES = YES;
				CLANG_WARN_SUSPICIOUS_MOVE = YES;
				CLANG_WARN_UNGUARDED_AVAILABILITY = YES_AGGRESSIVE;
				CLANG_WARN_UNREACHABLE_CODE = YES;
				CLANG_WARN__DUPLICATE_METHOD_MATCH = YES;
				COPY_PHASE_STRIP = NO;
				DEBUG_INFORMATION_FORMAT = "dwarf-with-dsym";
				ENABLE_NS_ASSERTIONS = NO;
				ENABLE_STRICT_OBJC_MSGSEND = YES;
				GCC_C_LANGUAGE_STANDARD = gnu11;
				GCC_NO_COMMON_BLOCKS = YES;
				GCC_WARN_64_TO_32_BIT_CONVERSION = YES;
				GCC_WARN_ABOUT_RETURN_TYPE = YES_ERROR;
				GCC_WARN_UNDECLARED_SELECTOR = YES;
				GCC_WARN_UNINITIALIZED_AUTOS = YES_AGGRESSIVE;
				GCC_WARN_UNUSED_FUNCTION = YES;
				GCC_WARN_UNUSED_VARIABLE = YES;
				IPHONEOS_DEPLOYMENT_TARGET = 16.4;
				MTL_ENABLE_DEBUG_INFO = NO;
				MTL_FAST_MATH = YES;
				SDKROOT = iphoneos;
				SWIFT_COMPILATION_MODE = wholemodule;
				SWIFT_OPTIMIZATION_LEVEL = "-O";
				VALIDATE_PRODUCT = YES;
			};
			name = Release;
		};
		8DF96D582A88468B008188FF /* Debug */ = {
			isa = XCBuildConfiguration;
			buildSettings = {
				ASSETCATALOG_COMPILER_APPICON_NAME = AppIcon;
				ASSETCATALOG_COMPILER_GLOBAL_ACCENT_COLOR_NAME = AccentColor;
				CODE_SIGN_STYLE = Automatic;
				CURRENT_PROJECT_VERSION = 1;
				DEVELOPMENT_ASSET_PATHS = "\"FINAL_ZhangzhiWang/Preview Content\"";
				ENABLE_PREVIEWS = YES;
				GENERATE_INFOPLIST_FILE = YES;
				INFOPLIST_KEY_UIApplicationSceneManifest_Generation = YES;
				INFOPLIST_KEY_UIApplicationSupportsIndirectInputEvents = YES;
				INFOPLIST_KEY_UILaunchScreen_Generation = YES;
				INFOPLIST_KEY_UISupportedInterfaceOrientations_iPad = "UIInterfaceOrientationPortrait UIInterfaceOrientationPortraitUpsideDown UIInterfaceOrientationLandscapeLeft UIInterfaceOrientationLandscapeRight";
				INFOPLIST_KEY_UISupportedInterfaceOrientations_iPhone = "UIInterfaceOrientationPortrait UIInterfaceOrientationLandscapeLeft UIInterfaceOrientationLandscapeRight";
				LD_RUNPATH_SEARCH_PATHS = (
					"$(inherited)",
					"@executable_path/Frameworks",
				);
				MARKETING_VERSION = 1.0;
				PRODUCT_BUNDLE_IDENTIFIER = "com.humber.N01371888.FINAL-ZhangzhiWang";
				PRODUCT_NAME = "$(TARGET_NAME)";
				SWIFT_EMIT_LOC_STRINGS = YES;
				SWIFT_VERSION = 5.0;
				TARGETED_DEVICE_FAMILY = "1,2";
			};
			name = Debug;
		};
		8DF96D592A88468B008188FF /* Release */ = {
			isa = XCBuildConfiguration;
			buildSettings = {
				ASSETCATALOG_COMPILER_APPICON_NAME = AppIcon;
				ASSETCATALOG_COMPILER_GLOBAL_ACCENT_COLOR_NAME = AccentColor;
				CODE_SIGN_STYLE = Automatic;
				CURRENT_PROJECT_VERSION = 1;
				DEVELOPMENT_ASSET_PATHS = "\"FINAL_ZhangzhiWang/Preview Content\"";
				ENABLE_PREVIEWS = YES;
				GENERATE_INFOPLIST_FILE = YES;
				INFOPLIST_KEY_UIApplicationSceneManifest_Generation = YES;
				INFOPLIST_KEY_UIApplicationSupportsIndirectInputEvents = YES;
				INFOPLIST_KEY_UILaunchScreen_Generation = YES;
				INFOPLIST_KEY_UISupportedInterfaceOrientations_iPad = "UIInterfaceOrientationPortrait UIInterfaceOrientationPortraitUpsideDown UIInterfaceOrientationLandscapeLeft UIInterfaceOrientationLandscapeRight";
				INFOPLIST_KEY_UISupportedInterfaceOrientations_iPhone = "UIInterfaceOrientationPortrait UIInterfaceOrientationLandscapeLeft UIInterfaceOrientationLandscapeRight";
				LD_RUNPATH_SEARCH_PATHS = (
					"$(inherited)",
					"@executable_path/Frameworks",
				);
				MARKETING_VERSION = 1.0;
				PRODUCT_BUNDLE_IDENTIFIER = "com.humber.N01371888.FINAL-ZhangzhiWang";
				PRODUCT_NAME = "$(TARGET_NAME)";
				SWIFT_EMIT_LOC_STRINGS = YES;
				SWIFT_VERSION = 5.0;
				TARGETED_DEVICE_FAMILY = "1,2";
			};
			name = Release;
		};
/* End XCBuildConfiguration section */

/* Begin XCConfigurationList section */
		8DF96D442A884689008188FF /* Build configuration list for PBXProject "FINAL_ZhangzhiWang" */ = {
			isa = XCConfigurationList;
			buildConfigurations = (
				8DF96D552A88468B008188FF /* Debug */,
				8DF96D562A88468B008188FF /* Release */,
			);
			defaultConfigurationIsVisible = 0;
			defaultConfigurationName = Release;
		};
		8DF96D572A88468B008188FF /* Build configuration list for PBXNativeTarget "FINAL_ZhangzhiWang" */ = {
			isa = XCConfigurationList;
			buildConfigurations = (
				8DF96D582A88468B008188FF /* Debug */,
				8DF96D592A88468B008188FF /* Release */,
			);
			defaultConfigurationIsVisible = 0;
			defaultConfigurationName = Release;
		};
/* End XCConfigurationList section */
	};
	rootObject = 8DF96D412A884689008188FF /* Project object */;
}
